{
  "version": 4,
  "terraform_version": "1.8.2",
  "serial": 13,
  "lineage": "9eaa8bba-e688-cd8b-38c3-f514531ae27e",
  "outputs": {
    "vm_instances": {
      "value": [
        {
          "ip_address": "3.129.253.180",
          "public_dns": "ec2-3-129-253-180.us-east-2.compute.amazonaws.com"
        }
      ],
      "type": [
        "tuple",
        [
          [
            "object",
            {
              "ip_address": "string",
              "public_dns": "string"
            }
          ]
        ]
      ]
    }
  },
  "resources": [
    {
      "mode": "data",
      "type": "aws_region",
      "name": "current",
      "provider": "provider[\"registry.terraform.io/hashicorp/aws\"]",
      "instances": [
        {
          "schema_version": 0,
          "attributes": {
            "description": "US East (Ohio)",
            "endpoint": "ec2.us-east-2.amazonaws.com",
            "id": "us-east-2",
            "name": "us-east-2"
          },
          "sensitive_attributes": []
        }
      ]
    },
    {
      "mode": "managed",
      "type": "aws_instance",
      "name": "server",
      "provider": "provider[\"registry.terraform.io/hashicorp/aws\"]",
      "instances": [
        {
          "index_key": 0,
          "schema_version": 1,
          "attributes": {
            "ami": "ami-0d77c9d87c7e619f9",
            "arn": "arn:aws:ec2:us-east-2:653341040066:instance/i-0d81e5ae9a2894699",
            "associate_public_ip_address": true,
            "availability_zone": "us-east-2a",
            "capacity_reservation_specification": [
              {
                "capacity_reservation_preference": "open",
                "capacity_reservation_target": []
              }
            ],
            "cpu_core_count": 1,
            "cpu_options": [
              {
                "amd_sev_snp": "",
                "core_count": 1,
                "threads_per_core": 1
              }
            ],
            "cpu_threads_per_core": 1,
            "credit_specification": [
              {
                "cpu_credits": "standard"
              }
            ],
            "disable_api_stop": false,
            "disable_api_termination": false,
            "ebs_block_device": [],
            "ebs_optimized": false,
            "enclave_options": [
              {
                "enabled": false
              }
            ],
            "ephemeral_block_device": [],
            "get_password_data": false,
            "hibernation": false,
            "host_id": "",
            "host_resource_group_arn": null,
            "iam_instance_profile": "",
            "id": "i-0d81e5ae9a2894699",
            "instance_initiated_shutdown_behavior": "stop",
            "instance_lifecycle": "",
            "instance_market_options": [],
            "instance_state": "running",
            "instance_type": "t2.micro",
            "ipv6_address_count": 0,
            "ipv6_addresses": [],
            "key_name": "ansible-ssh-key",
            "launch_template": [],
            "maintenance_options": [
              {
                "auto_recovery": "default"
              }
            ],
            "metadata_options": [
              {
                "http_endpoint": "enabled",
                "http_protocol_ipv6": "disabled",
                "http_put_response_hop_limit": 1,
                "http_tokens": "optional",
                "instance_metadata_tags": "disabled"
              }
            ],
            "monitoring": false,
            "network_interface": [],
            "outpost_arn": "",
            "password_data": "",
            "placement_group": "",
            "placement_partition_number": 0,
            "primary_network_interface_id": "eni-068eab0e9237196f5",
            "private_dns": "ip-10-0-198-193.us-east-2.compute.internal",
            "private_dns_name_options": [
              {
                "enable_resource_name_dns_a_record": false,
                "enable_resource_name_dns_aaaa_record": false,
                "hostname_type": "ip-name"
              }
            ],
            "private_ip": "10.0.198.193",
            "public_dns": "ec2-3-129-253-180.us-east-2.compute.amazonaws.com",
            "public_ip": "3.129.253.180",
            "root_block_device": [
              {
                "delete_on_termination": true,
                "device_name": "/dev/sda1",
                "encrypted": false,
                "iops": 3000,
                "kms_key_id": "",
                "tags": {},
                "tags_all": {},
                "throughput": 125,
                "volume_id": "vol-05421924ca5d87274",
                "volume_size": 10,
                "volume_type": "gp3"
              }
            ],
            "secondary_private_ips": [],
            "security_groups": [],
            "source_dest_check": true,
            "spot_instance_request_id": "",
            "subnet_id": "subnet-01776e073c7d761cb",
            "tags": {
              "Name": "tf-ansible-1"
            },
            "tags_all": {
              "Name": "tf-ansible-1"
            },
            "tenancy": "default",
            "timeouts": null,
            "user_data": null,
            "user_data_base64": null,
            "user_data_replace_on_change": false,
            "volume_tags": null,
            "vpc_security_group_ids": [
              "sg-02e89a24f16285b82",
              "sg-03ea1f79c526abdb4"
            ]
          },
          "sensitive_attributes": [],
          "private": "eyJlMmJmYjczMC1lY2FhLTExZTYtOGY4OC0zNDM2M2JjN2M0YzAiOnsiY3JlYXRlIjo2MDAwMDAwMDAwMDAsImRlbGV0ZSI6MTIwMDAwMDAwMDAwMCwicmVhZCI6OTAwMDAwMDAwMDAwLCJ1cGRhdGUiOjYwMDAwMDAwMDAwMH0sInNjaGVtYV92ZXJzaW9uIjoiMSJ9",
          "dependencies": [
            "aws_key_pair.aws_key",
            "aws_security_group.allow_http",
            "aws_security_group.allow_ssh",
            "aws_subnet.main",
            "aws_vpc.main",
            "data.aws_region.current",
            "tls_private_key.key"
          ]
        }
      ]
    },
    {
      "mode": "managed",
      "type": "aws_internet_gateway",
      "name": "gateway",
      "provider": "provider[\"registry.terraform.io/hashicorp/aws\"]",
      "instances": [
        {
          "schema_version": 0,
          "attributes": {
            "arn": "arn:aws:ec2:us-east-2:653341040066:internet-gateway/igw-0cfe89ec22ff55441",
            "id": "igw-0cfe89ec22ff55441",
            "owner_id": "653341040066",
            "tags": null,
            "tags_all": {},
            "timeouts": null,
            "vpc_id": "vpc-0e0d997a6f6e295f9"
          },
          "sensitive_attributes": [],
          "private": "eyJlMmJmYjczMC1lY2FhLTExZTYtOGY4OC0zNDM2M2JjN2M0YzAiOnsiY3JlYXRlIjoxMjAwMDAwMDAwMDAwLCJkZWxldGUiOjEyMDAwMDAwMDAwMDAsInVwZGF0ZSI6MTIwMDAwMDAwMDAwMH19",
          "dependencies": [
            "aws_vpc.main"
          ]
        }
      ]
    },
    {
      "mode": "managed",
      "type": "aws_key_pair",
      "name": "aws_key",
      "provider": "provider[\"registry.terraform.io/hashicorp/aws\"]",
      "instances": [
        {
          "schema_version": 1,
          "attributes": {
            "arn": "arn:aws:ec2:us-east-2:653341040066:key-pair/ansible-ssh-key",
            "fingerprint": "b5:25:62:0d:c8:3d:c7:51:7e:23:ea:52:dd:b6:8b:c9",
            "id": "ansible-ssh-key",
            "key_name": "ansible-ssh-key",
            "key_name_prefix": "",
            "key_pair_id": "key-010f3071b41348d63",
            "key_type": "rsa",
            "public_key": "ssh-rsa AAAAB3NzaC1yc2EAAAADAQABAAABAQDUrzD2FStTkrTB+GYLYmKoLKpU1w4A18YZTTt6AMBBqAxpQmVxpmpE5CN40D5fPEl7uMLYSfT5ubAbX+1N/I99mPA426wSxSmoAESwP/hLOodVMA0RywmCFIit8lMYzT1kVOorTbuXtKim8sWfUnp7YJKbTBWPApfW+QA0k8VhBcuDkSwDvwpS7KGCyDeaaVqFXng9J3jFW5FhRVDcyumUHdolvnhkPXOl9OPPczAtv4ajiBN9OWpJXGZpjMevMldWhL4mvIURNFwX20a6fHhYamK28t/96dgOZ4Dcp3bb7AP26NP/ErTxpv8KCjep0GGfbBz101o51hO+k8J7DokN",
            "tags": null,
            "tags_all": {}
          },
          "sensitive_attributes": [],
          "private": "eyJzY2hlbWFfdmVyc2lvbiI6IjEifQ==",
          "dependencies": [
            "tls_private_key.key"
          ]
        }
      ]
    },
    {
      "mode": "managed",
      "type": "aws_route_table",
      "name": "route_table",
      "provider": "provider[\"registry.terraform.io/hashicorp/aws\"]",
      "instances": [
        {
          "schema_version": 0,
          "attributes": {
            "arn": "arn:aws:ec2:us-east-2:653341040066:route-table/rtb-01a87318e1480b743",
            "id": "rtb-01a87318e1480b743",
            "owner_id": "653341040066",
            "propagating_vgws": [],
            "route": [
              {
                "carrier_gateway_id": "",
                "cidr_block": "0.0.0.0/0",
                "core_network_arn": "",
                "destination_prefix_list_id": "",
                "egress_only_gateway_id": "",
                "gateway_id": "igw-0cfe89ec22ff55441",
                "ipv6_cidr_block": "",
                "local_gateway_id": "",
                "nat_gateway_id": "",
                "network_interface_id": "",
                "transit_gateway_id": "",
                "vpc_endpoint_id": "",
                "vpc_peering_connection_id": ""
              }
            ],
            "tags": null,
            "tags_all": {},
            "timeouts": null,
            "vpc_id": "vpc-0e0d997a6f6e295f9"
          },
          "sensitive_attributes": [],
          "private": "eyJlMmJmYjczMC1lY2FhLTExZTYtOGY4OC0zNDM2M2JjN2M0YzAiOnsiY3JlYXRlIjozMDAwMDAwMDAwMDAsImRlbGV0ZSI6MzAwMDAwMDAwMDAwLCJ1cGRhdGUiOjEyMDAwMDAwMDAwMH19",
          "dependencies": [
            "aws_internet_gateway.gateway",
            "aws_vpc.main"
          ]
        }
      ]
    },
    {
      "mode": "managed",
      "type": "aws_route_table_association",
      "name": "route_table_association",
      "provider": "provider[\"registry.terraform.io/hashicorp/aws\"]",
      "instances": [
        {
          "schema_version": 0,
          "attributes": {
            "gateway_id": "",
            "id": "rtbassoc-004282971aae2437d",
            "route_table_id": "rtb-01a87318e1480b743",
            "subnet_id": "subnet-01776e073c7d761cb",
            "timeouts": null
          },
          "sensitive_attributes": [],
          "private": "eyJlMmJmYjczMC1lY2FhLTExZTYtOGY4OC0zNDM2M2JjN2M0YzAiOnsiY3JlYXRlIjozMDAwMDAwMDAwMDAsImRlbGV0ZSI6MzAwMDAwMDAwMDAwLCJ1cGRhdGUiOjEyMDAwMDAwMDAwMH19",
          "dependencies": [
            "aws_internet_gateway.gateway",
            "aws_route_table.route_table",
            "aws_subnet.main",
            "aws_vpc.main",
            "data.aws_region.current"
          ]
        }
      ]
    },
    {
      "mode": "managed",
      "type": "aws_security_group",
      "name": "allow_http",
      "provider": "provider[\"registry.terraform.io/hashicorp/aws\"]",
      "instances": [
        {
          "schema_version": 1,
          "attributes": {
            "arn": "arn:aws:ec2:us-east-2:653341040066:security-group/sg-03ea1f79c526abdb4",
            "description": "Allow HTTP traffic",
            "egress": [
              {
                "cidr_blocks": [
                  "0.0.0.0/0"
                ],
                "description": "",
                "from_port": 0,
                "ipv6_cidr_blocks": [],
                "prefix_list_ids": [],
                "protocol": "-1",
                "security_groups": [],
                "self": false,
                "to_port": 0
              }
            ],
            "id": "sg-03ea1f79c526abdb4",
            "ingress": [
              {
                "cidr_blocks": [
                  "0.0.0.0/0"
                ],
                "description": "HTTP",
                "from_port": 80,
                "ipv6_cidr_blocks": [],
                "prefix_list_ids": [],
                "protocol": "tcp",
                "security_groups": [],
                "self": false,
                "to_port": 80
              }
            ],
            "name": "allow_http",
            "name_prefix": "",
            "owner_id": "653341040066",
            "revoke_rules_on_delete": false,
            "tags": null,
            "tags_all": {},
            "timeouts": null,
            "vpc_id": "vpc-0e0d997a6f6e295f9"
          },
          "sensitive_attributes": [],
          "private": "eyJlMmJmYjczMC1lY2FhLTExZTYtOGY4OC0zNDM2M2JjN2M0YzAiOnsiY3JlYXRlIjo2MDAwMDAwMDAwMDAsImRlbGV0ZSI6OTAwMDAwMDAwMDAwfSwic2NoZW1hX3ZlcnNpb24iOiIxIn0=",
          "dependencies": [
            "aws_vpc.main"
          ]
        }
      ]
    },
    {
      "mode": "managed",
      "type": "aws_security_group",
      "name": "allow_ssh",
      "provider": "provider[\"registry.terraform.io/hashicorp/aws\"]",
      "instances": [
        {
          "schema_version": 1,
          "attributes": {
            "arn": "arn:aws:ec2:us-east-2:653341040066:security-group/sg-02e89a24f16285b82",
            "description": "Allow SSH traffic",
            "egress": [
              {
                "cidr_blocks": [
                  "0.0.0.0/0"
                ],
                "description": "",
                "from_port": 0,
                "ipv6_cidr_blocks": [],
                "prefix_list_ids": [],
                "protocol": "-1",
                "security_groups": [],
                "self": false,
                "to_port": 0
              }
            ],
            "id": "sg-02e89a24f16285b82",
            "ingress": [
              {
                "cidr_blocks": [
                  "0.0.0.0/0"
                ],
                "description": "SSH",
                "from_port": 22,
                "ipv6_cidr_blocks": [],
                "prefix_list_ids": [],
                "protocol": "tcp",
                "security_groups": [],
                "self": false,
                "to_port": 22
              }
            ],
            "name": "allow_ssh",
            "name_prefix": "",
            "owner_id": "653341040066",
            "revoke_rules_on_delete": false,
            "tags": null,
            "tags_all": {},
            "timeouts": null,
            "vpc_id": "vpc-0e0d997a6f6e295f9"
          },
          "sensitive_attributes": [],
          "private": "eyJlMmJmYjczMC1lY2FhLTExZTYtOGY4OC0zNDM2M2JjN2M0YzAiOnsiY3JlYXRlIjo2MDAwMDAwMDAwMDAsImRlbGV0ZSI6OTAwMDAwMDAwMDAwfSwic2NoZW1hX3ZlcnNpb24iOiIxIn0=",
          "dependencies": [
            "aws_vpc.main"
          ]
        }
      ]
    },
    {
      "mode": "managed",
      "type": "aws_subnet",
      "name": "main",
      "provider": "provider[\"registry.terraform.io/hashicorp/aws\"]",
      "instances": [
        {
          "schema_version": 1,
          "attributes": {
            "arn": "arn:aws:ec2:us-east-2:653341040066:subnet/subnet-01776e073c7d761cb",
            "assign_ipv6_address_on_creation": false,
            "availability_zone": "us-east-2a",
            "availability_zone_id": "use2-az1",
            "cidr_block": "10.0.0.0/16",
            "customer_owned_ipv4_pool": "",
            "enable_dns64": false,
            "enable_lni_at_device_index": 0,
            "enable_resource_name_dns_a_record_on_launch": false,
            "enable_resource_name_dns_aaaa_record_on_launch": false,
            "id": "subnet-01776e073c7d761cb",
            "ipv6_cidr_block": "",
            "ipv6_cidr_block_association_id": "",
            "ipv6_native": false,
            "map_customer_owned_ip_on_launch": false,
            "map_public_ip_on_launch": false,
            "outpost_arn": "",
            "owner_id": "653341040066",
            "private_dns_hostname_type_on_launch": "ip-name",
            "tags": null,
            "tags_all": {},
            "timeouts": null,
            "vpc_id": "vpc-0e0d997a6f6e295f9"
          },
          "sensitive_attributes": [],
          "private": "eyJlMmJmYjczMC1lY2FhLTExZTYtOGY4OC0zNDM2M2JjN2M0YzAiOnsiY3JlYXRlIjo2MDAwMDAwMDAwMDAsImRlbGV0ZSI6MTIwMDAwMDAwMDAwMH0sInNjaGVtYV92ZXJzaW9uIjoiMSJ9",
          "dependencies": [
            "aws_vpc.main",
            "data.aws_region.current"
          ]
        }
      ]
    },
    {
      "mode": "managed",
      "type": "aws_vpc",
      "name": "main",
      "provider": "provider[\"registry.terraform.io/hashicorp/aws\"]",
      "instances": [
        {
          "schema_version": 1,
          "attributes": {
            "arn": "arn:aws:ec2:us-east-2:653341040066:vpc/vpc-0e0d997a6f6e295f9",
            "assign_generated_ipv6_cidr_block": false,
            "cidr_block": "10.0.0.0/16",
            "default_network_acl_id": "acl-061ac564c4367e530",
            "default_route_table_id": "rtb-0f2643b1c70fcfbff",
            "default_security_group_id": "sg-0574883e5fe868234",
            "dhcp_options_id": "dopt-073ad0bf508e9d1fa",
            "enable_dns_hostnames": true,
            "enable_dns_support": true,
            "enable_network_address_usage_metrics": false,
            "id": "vpc-0e0d997a6f6e295f9",
            "instance_tenancy": "default",
            "ipv4_ipam_pool_id": null,
            "ipv4_netmask_length": null,
            "ipv6_association_id": "",
            "ipv6_cidr_block": "",
            "ipv6_cidr_block_network_border_group": "",
            "ipv6_ipam_pool_id": "",
            "ipv6_netmask_length": 0,
            "main_route_table_id": "rtb-0f2643b1c70fcfbff",
            "owner_id": "653341040066",
            "tags": {
              "Name": "AWS VPC"
            },
            "tags_all": {
              "Name": "AWS VPC"
            }
          },
          "sensitive_attributes": [],
          "private": "eyJzY2hlbWFfdmVyc2lvbiI6IjEifQ=="
        }
      ]
    },
    {
      "mode": "managed",
      "type": "local_file",
      "name": "ansible_inventory",
      "provider": "provider[\"registry.terraform.io/hashicorp/local\"]",
      "instances": [
        {
          "schema_version": 0,
          "attributes": {
            "content": "[aws_ec2]\n3.129.253.180\n\n[aws_ec2:vars]\nansible_ssh_user=ec2-user\nansible_ssh_private_key_file=/Users/froberge/projects/repository/github/froberge/ansible_terraform_demo/ansible_terraform_config/aws/.ssh/ansible-ssh-key.pem",
            "content_base64": null,
            "content_base64sha256": "Q5fZmxQFPE/yXvtbmum2gTtrYPyjbvZx+2qjDZYq6og=",
            "content_base64sha512": "VeDoGSxm1L+v8wMbMjt6K6Mi6Bgn8bnhtEZoZFTms/827bdojFihcUnARtHcS8bKCEvy/tXXckku5+FjimxI3w==",
            "content_md5": "10a5577164335468b2e288b57dcfe768",
            "content_sha1": "4e03c61113f64227a52632086f30e16c8a6d0919",
            "content_sha256": "4397d99b14053c4ff25efb5b9ae9b6813b6b60fca36ef671fb6aa30d962aea88",
            "content_sha512": "55e0e8192c66d4bfaff3031b323b7a2ba322e81827f1b9e1b446686454e6b3ff36edb7688c58a17149c046d1dc4bc6ca084bf2fed5d772492ee7e1638a6c48df",
            "directory_permission": "0777",
            "file_permission": "0777",
            "filename": "/Users/froberge/projects/repository/github/froberge/ansible_terraform_demo/ansible_terraform_config/aws/inventory.ini",
            "id": "4e03c61113f64227a52632086f30e16c8a6d0919",
            "sensitive_content": null,
            "source": null
          },
          "sensitive_attributes": [
            [
              {
                "type": "get_attr",
                "value": "sensitive_content"
              }
            ]
          ],
          "dependencies": [
            "aws_instance.server",
            "aws_key_pair.aws_key",
            "aws_security_group.allow_http",
            "aws_security_group.allow_ssh",
            "aws_subnet.main",
            "aws_vpc.main",
            "data.aws_region.current",
            "local_sensitive_file.private_key",
            "tls_private_key.key"
          ]
        }
      ]
    },
    {
      "mode": "managed",
      "type": "local_sensitive_file",
      "name": "private_key",
      "provider": "provider[\"registry.terraform.io/hashicorp/local\"]",
      "instances": [
        {
          "schema_version": 0,
          "attributes": {
            "content": "-----BEGIN RSA PRIVATE KEY-----\nMIIEpAIBAAKCAQEA1K8w9hUrU5K0wfhmC2JiqCyqVNcOANfGGU07egDAQagMaUJl\ncaZqROQjeNA+XzxJe7jC2En0+bmwG1/tTfyPfZjwONusEsUpqABEsD/4SzqHVTAN\nEcsJghSIrfJTGM09ZFTqK027l7SopvLFn1J6e2CSm0wVjwKX1vkANJPFYQXLg5Es\nA78KUuyhgsg3mmlahV54PSd4xVuRYUVQ3MrplB3aJb54ZD1zpfTjz3MwLb+Go4gT\nfTlqSVxmaYzHrzJXVoS+JryFETRcF9tGunx4WGpitvLf/enYDmeA3Kd22+wD9ujT\n/xK08ab/Cgo3qdBhn2wc9dNaOdYTvpPCew6JDQIDAQABAoIBAQDTlmLAPnk3EHmR\ni3yBkOSTaLQf6T7+Kavj2gj0rDCYYQXP5gUkFqocVVbQx2N1vXVhh4MYSCNWGZyQ\n71MXRc6+5dr+xdQfbFSv1WyAZ3Ot69FdN4uZCwQvjBwZ6T0wLGcKHMxGPnQFTe6H\nAHkIsrY1bfMMWpoMB0llzZydsfEoPhpR2OWTHMhqpXRFY80QKQ7mTfBkK4fIi9Se\nooNCukUvC6APVkdRWOgjpcM4tkKHugw2CYkqmkw69eFKprevkPaIMYgkv33z9UUu\nhaM19wB05tZ7L03t3a0c6om8op+jMNX3gOamZpDTiqjnMMq5CHSdm8Q4pCRgCvFz\nsYp8/JblAoGBAOyWwoBf+y5bbCIbuxatTPCaacouhdpr3eORm3nEV5egWrvaxnG9\nW3NsD0TSdfnco5WwaNpk/7RwOzNCKvP2CLXfHxmHqOUrKP5p0TEVyfqDykK7/Kuy\nQQZanSK4u7O8GXOmOxpGEyumcL/0JogKYRtIxnqqHA0MT/vYOdDIPJtDAoGBAOYi\nWO86uzwVmkBjQQ7VVP1Vp0x/F73k8KL571q1d3yGfXZ+HQOwWz9ZcD2ZT4NqnfEl\nS4Y1meqpZUB8ZrzZxOfFysdrmzu2tdTxPrw4YK+4ZaulzE8HrrqAqGfHb6d5nEm1\nZHAXxRQc2LmHOS9Coe5fyUhk9ivskELKLNwq8v1vAoGAY6o+1YWZcrXgn52++paW\nyuTBnAJtMM4v8yXrsSgdHirXDjvjTRbP55el9wAR4ugnoW9nPFk/vutohPdi0NLc\naIFNwJt9cszzv/kjvuHG7FmIYwR+NHYrHlodx/q6V8Ttk+J7E15hxQmghbx8XuLA\ndZX6xsHSf0yohRdZg7JWlbECgYEA0nHyVcGlWkp+5gZdhcz7jTZ4aHGIKnRiwQZB\nJPfwrgTmUib9LVRl/MYy54F8vrYOfGgYakA14erJ1nBsGqIhd7jduALkz3RDTtjU\n/5WmhMng31gcPuDNnWrtlQlBRyrkCls/32k9JSlD3lSTrG4IWk1paTQ6EOyg9xKe\ndy8nSS0CgYBUDyWMEAnNb5qsBJ3tZ9hfajjUje0p2Og/Aqvh4dP+CjZQotpVQmxu\naWcICo4mVimj+ZolHcrB8DgVm5bnrTL7xHTM4VcuiJpGbMivTCvJrbxCn511kx7n\n7knL5HZQF0gIEycsVcSnL8XjBeGXG8sGDXP7jqx5iZ5N/vt4BESFIA==\n-----END RSA PRIVATE KEY-----\n",
            "content_base64": null,
            "content_base64sha256": "bW/N5E8rRNody9YO1k4RkT+WKk/V06ce/OLo7Zs35Sc=",
            "content_base64sha512": "wYuuRyPOS4ec6AFoaZdvB56gRnandE2xkVjClrWj64X0D80rn5yCOvGyN94UYyRJWYBniJ7icIeXcUtKSb30oQ==",
            "content_md5": "82fb7689548226f0116e0c9a7df6d6ae",
            "content_sha1": "95f3a67ba4cbbb7b044c9861aac22311c502c424",
            "content_sha256": "6d6fcde44f2b44da1dcbd60ed64e11913f962a4fd5d3a71efce2e8ed9b37e527",
            "content_sha512": "c18bae4723ce4b879ce8016869976f079ea04676a7744db19158c296b5a3eb85f40fcd2b9f9c823af1b237de14632449598067889ee2708797714b4a49bdf4a1",
            "directory_permission": "0700",
            "file_permission": "0600",
            "filename": "/Users/froberge/projects/repository/github/froberge/ansible_terraform_demo/ansible_terraform_config/aws/.ssh/ansible-ssh-key.pem",
            "id": "95f3a67ba4cbbb7b044c9861aac22311c502c424",
            "source": null
          },
          "sensitive_attributes": [
            [
              {
                "type": "get_attr",
                "value": "content"
              }
            ],
            [
              {
                "type": "get_attr",
                "value": "content_base64"
              }
            ]
          ],
          "dependencies": [
            "tls_private_key.key"
          ]
        }
      ]
    },
    {
      "mode": "managed",
      "type": "tls_private_key",
      "name": "key",
      "provider": "provider[\"registry.terraform.io/hashicorp/tls\"]",
      "instances": [
        {
          "schema_version": 1,
          "attributes": {
            "algorithm": "RSA",
            "ecdsa_curve": "P224",
            "id": "234bdf5391f40d91cd684343cef04822e61805e2",
            "private_key_openssh": "-----BEGIN OPENSSH PRIVATE KEY-----\nb3BlbnNzaC1rZXktdjEAAAAABG5vbmUAAAAEbm9uZQAAAAAAAAABAAABFwAAAAdz\nc2gtcnNhAAAAAwEAAQAAAQEA1K8w9hUrU5K0wfhmC2JiqCyqVNcOANfGGU07egDA\nQagMaUJlcaZqROQjeNA+XzxJe7jC2En0+bmwG1/tTfyPfZjwONusEsUpqABEsD/4\nSzqHVTANEcsJghSIrfJTGM09ZFTqK027l7SopvLFn1J6e2CSm0wVjwKX1vkANJPF\nYQXLg5EsA78KUuyhgsg3mmlahV54PSd4xVuRYUVQ3MrplB3aJb54ZD1zpfTjz3Mw\nLb+Go4gTfTlqSVxmaYzHrzJXVoS+JryFETRcF9tGunx4WGpitvLf/enYDmeA3Kd2\n2+wD9ujT/xK08ab/Cgo3qdBhn2wc9dNaOdYTvpPCew6JDQAAA7gYeMOUGHjDlAAA\nAAdzc2gtcnNhAAABAQDUrzD2FStTkrTB+GYLYmKoLKpU1w4A18YZTTt6AMBBqAxp\nQmVxpmpE5CN40D5fPEl7uMLYSfT5ubAbX+1N/I99mPA426wSxSmoAESwP/hLOodV\nMA0RywmCFIit8lMYzT1kVOorTbuXtKim8sWfUnp7YJKbTBWPApfW+QA0k8VhBcuD\nkSwDvwpS7KGCyDeaaVqFXng9J3jFW5FhRVDcyumUHdolvnhkPXOl9OPPczAtv4aj\niBN9OWpJXGZpjMevMldWhL4mvIURNFwX20a6fHhYamK28t/96dgOZ4Dcp3bb7AP2\n6NP/ErTxpv8KCjep0GGfbBz101o51hO+k8J7DokNAAAAAwEAAQAAAQEA05ZiwD55\nNxB5kYt8gZDkk2i0H+k+/imr49oI9KwwmGEFz+YFJBaqHFVW0Mdjdb11YYeDGEgj\nVhmckO9TF0XOvuXa/sXUH2xUr9VsgGdzrevRXTeLmQsEL4wcGek9MCxnChzMRj50\nBU3uhwB5CLK2NW3zDFqaDAdJZc2cnbHxKD4aUdjlkxzIaqV0RWPNECkO5k3wZCuH\nyIvUnqKDQrpFLwugD1ZHUVjoI6XDOLZCh7oMNgmJKppMOvXhSqa3r5D2iDGIJL99\n8/VFLoWjNfcAdObWey9N7d2tHOqJvKKfozDV94DmpmaQ04qo5zDKuQh0nZvEOKQk\nYArxc7GKfPyW5QAAAIBUDyWMEAnNb5qsBJ3tZ9hfajjUje0p2Og/Aqvh4dP+CjZQ\notpVQmxuaWcICo4mVimj+ZolHcrB8DgVm5bnrTL7xHTM4VcuiJpGbMivTCvJrbxC\nn511kx7n7knL5HZQF0gIEycsVcSnL8XjBeGXG8sGDXP7jqx5iZ5N/vt4BESFIAAA\nAIEA7JbCgF/7LltsIhu7Fq1M8Jppyi6F2mvd45GbecRXl6Bau9rGcb1bc2wPRNJ1\n+dyjlbBo2mT/tHA7M0Iq8/YItd8fGYeo5Sso/mnRMRXJ+oPKQrv8q7JBBlqdIri7\ns7wZc6Y7GkYTK6Zwv/QmiAphG0jGeqocDQxP+9g50Mg8m0MAAACBAOYiWO86uzwV\nmkBjQQ7VVP1Vp0x/F73k8KL571q1d3yGfXZ+HQOwWz9ZcD2ZT4NqnfElS4Y1meqp\nZUB8ZrzZxOfFysdrmzu2tdTxPrw4YK+4ZaulzE8HrrqAqGfHb6d5nEm1ZHAXxRQc\n2LmHOS9Coe5fyUhk9ivskELKLNwq8v1vAAAAAAEC\n-----END OPENSSH PRIVATE KEY-----\n",
            "private_key_pem": "-----BEGIN RSA PRIVATE KEY-----\nMIIEpAIBAAKCAQEA1K8w9hUrU5K0wfhmC2JiqCyqVNcOANfGGU07egDAQagMaUJl\ncaZqROQjeNA+XzxJe7jC2En0+bmwG1/tTfyPfZjwONusEsUpqABEsD/4SzqHVTAN\nEcsJghSIrfJTGM09ZFTqK027l7SopvLFn1J6e2CSm0wVjwKX1vkANJPFYQXLg5Es\nA78KUuyhgsg3mmlahV54PSd4xVuRYUVQ3MrplB3aJb54ZD1zpfTjz3MwLb+Go4gT\nfTlqSVxmaYzHrzJXVoS+JryFETRcF9tGunx4WGpitvLf/enYDmeA3Kd22+wD9ujT\n/xK08ab/Cgo3qdBhn2wc9dNaOdYTvpPCew6JDQIDAQABAoIBAQDTlmLAPnk3EHmR\ni3yBkOSTaLQf6T7+Kavj2gj0rDCYYQXP5gUkFqocVVbQx2N1vXVhh4MYSCNWGZyQ\n71MXRc6+5dr+xdQfbFSv1WyAZ3Ot69FdN4uZCwQvjBwZ6T0wLGcKHMxGPnQFTe6H\nAHkIsrY1bfMMWpoMB0llzZydsfEoPhpR2OWTHMhqpXRFY80QKQ7mTfBkK4fIi9Se\nooNCukUvC6APVkdRWOgjpcM4tkKHugw2CYkqmkw69eFKprevkPaIMYgkv33z9UUu\nhaM19wB05tZ7L03t3a0c6om8op+jMNX3gOamZpDTiqjnMMq5CHSdm8Q4pCRgCvFz\nsYp8/JblAoGBAOyWwoBf+y5bbCIbuxatTPCaacouhdpr3eORm3nEV5egWrvaxnG9\nW3NsD0TSdfnco5WwaNpk/7RwOzNCKvP2CLXfHxmHqOUrKP5p0TEVyfqDykK7/Kuy\nQQZanSK4u7O8GXOmOxpGEyumcL/0JogKYRtIxnqqHA0MT/vYOdDIPJtDAoGBAOYi\nWO86uzwVmkBjQQ7VVP1Vp0x/F73k8KL571q1d3yGfXZ+HQOwWz9ZcD2ZT4NqnfEl\nS4Y1meqpZUB8ZrzZxOfFysdrmzu2tdTxPrw4YK+4ZaulzE8HrrqAqGfHb6d5nEm1\nZHAXxRQc2LmHOS9Coe5fyUhk9ivskELKLNwq8v1vAoGAY6o+1YWZcrXgn52++paW\nyuTBnAJtMM4v8yXrsSgdHirXDjvjTRbP55el9wAR4ugnoW9nPFk/vutohPdi0NLc\naIFNwJt9cszzv/kjvuHG7FmIYwR+NHYrHlodx/q6V8Ttk+J7E15hxQmghbx8XuLA\ndZX6xsHSf0yohRdZg7JWlbECgYEA0nHyVcGlWkp+5gZdhcz7jTZ4aHGIKnRiwQZB\nJPfwrgTmUib9LVRl/MYy54F8vrYOfGgYakA14erJ1nBsGqIhd7jduALkz3RDTtjU\n/5WmhMng31gcPuDNnWrtlQlBRyrkCls/32k9JSlD3lSTrG4IWk1paTQ6EOyg9xKe\ndy8nSS0CgYBUDyWMEAnNb5qsBJ3tZ9hfajjUje0p2Og/Aqvh4dP+CjZQotpVQmxu\naWcICo4mVimj+ZolHcrB8DgVm5bnrTL7xHTM4VcuiJpGbMivTCvJrbxCn511kx7n\n7knL5HZQF0gIEycsVcSnL8XjBeGXG8sGDXP7jqx5iZ5N/vt4BESFIA==\n-----END RSA PRIVATE KEY-----\n",
            "private_key_pem_pkcs8": "-----BEGIN PRIVATE KEY-----\nMIIEvgIBADANBgkqhkiG9w0BAQEFAASCBKgwggSkAgEAAoIBAQDUrzD2FStTkrTB\n+GYLYmKoLKpU1w4A18YZTTt6AMBBqAxpQmVxpmpE5CN40D5fPEl7uMLYSfT5ubAb\nX+1N/I99mPA426wSxSmoAESwP/hLOodVMA0RywmCFIit8lMYzT1kVOorTbuXtKim\n8sWfUnp7YJKbTBWPApfW+QA0k8VhBcuDkSwDvwpS7KGCyDeaaVqFXng9J3jFW5Fh\nRVDcyumUHdolvnhkPXOl9OPPczAtv4ajiBN9OWpJXGZpjMevMldWhL4mvIURNFwX\n20a6fHhYamK28t/96dgOZ4Dcp3bb7AP26NP/ErTxpv8KCjep0GGfbBz101o51hO+\nk8J7DokNAgMBAAECggEBANOWYsA+eTcQeZGLfIGQ5JNotB/pPv4pq+PaCPSsMJhh\nBc/mBSQWqhxVVtDHY3W9dWGHgxhII1YZnJDvUxdFzr7l2v7F1B9sVK/VbIBnc63r\n0V03i5kLBC+MHBnpPTAsZwoczEY+dAVN7ocAeQiytjVt8wxamgwHSWXNnJ2x8Sg+\nGlHY5ZMcyGqldEVjzRApDuZN8GQrh8iL1J6ig0K6RS8LoA9WR1FY6COlwzi2Qoe6\nDDYJiSqaTDr14Uqmt6+Q9ogxiCS/ffP1RS6FozX3AHTm1nsvTe3drRzqibyin6Mw\n1feA5qZmkNOKqOcwyrkIdJ2bxDikJGAK8XOxinz8luUCgYEA7JbCgF/7LltsIhu7\nFq1M8Jppyi6F2mvd45GbecRXl6Bau9rGcb1bc2wPRNJ1+dyjlbBo2mT/tHA7M0Iq\n8/YItd8fGYeo5Sso/mnRMRXJ+oPKQrv8q7JBBlqdIri7s7wZc6Y7GkYTK6Zwv/Qm\niAphG0jGeqocDQxP+9g50Mg8m0MCgYEA5iJY7zq7PBWaQGNBDtVU/VWnTH8XveTw\novnvWrV3fIZ9dn4dA7BbP1lwPZlPg2qd8SVLhjWZ6qllQHxmvNnE58XKx2ubO7a1\n1PE+vDhgr7hlq6XMTweuuoCoZ8dvp3mcSbVkcBfFFBzYuYc5L0Kh7l/JSGT2K+yQ\nQsos3Cry/W8CgYBjqj7VhZlyteCfnb76lpbK5MGcAm0wzi/zJeuxKB0eKtcOO+NN\nFs/nl6X3ABHi6Cehb2c8WT++62iE92LQ0txogU3Am31yzPO/+SO+4cbsWYhjBH40\ndiseWh3H+rpXxO2T4nsTXmHFCaCFvHxe4sB1lfrGwdJ/TKiFF1mDslaVsQKBgQDS\ncfJVwaVaSn7mBl2FzPuNNnhocYgqdGLBBkEk9/CuBOZSJv0tVGX8xjLngXy+tg58\naBhqQDXh6snWcGwaoiF3uN24AuTPdENO2NT/laaEyeDfWBw+4M2dau2VCUFHKuQK\nWz/faT0lKUPeVJOsbghaTWlpNDoQ7KD3Ep53LydJLQKBgFQPJYwQCc1vmqwEne1n\n2F9qONSN7SnY6D8Cq+Hh0/4KNlCi2lVCbG5pZwgKjiZWKaP5miUdysHwOBWbluet\nMvvEdMzhVy6ImkZsyK9MK8mtvEKfnXWTHufuScvkdlAXSAgTJyxVxKcvxeMF4Zcb\nywYNc/uOrHmJnk3++3gERIUg\n-----END PRIVATE KEY-----\n",
            "public_key_fingerprint_md5": "1c:6c:13:64:f3:24:ec:66:c2:73:95:35:c5:60:ad:df",
            "public_key_fingerprint_sha256": "SHA256:mm+nrSwe27o0BWXf4xCeOg1wRboyzye2m2+7T1vNwIc",
            "public_key_openssh": "ssh-rsa AAAAB3NzaC1yc2EAAAADAQABAAABAQDUrzD2FStTkrTB+GYLYmKoLKpU1w4A18YZTTt6AMBBqAxpQmVxpmpE5CN40D5fPEl7uMLYSfT5ubAbX+1N/I99mPA426wSxSmoAESwP/hLOodVMA0RywmCFIit8lMYzT1kVOorTbuXtKim8sWfUnp7YJKbTBWPApfW+QA0k8VhBcuDkSwDvwpS7KGCyDeaaVqFXng9J3jFW5FhRVDcyumUHdolvnhkPXOl9OPPczAtv4ajiBN9OWpJXGZpjMevMldWhL4mvIURNFwX20a6fHhYamK28t/96dgOZ4Dcp3bb7AP26NP/ErTxpv8KCjep0GGfbBz101o51hO+k8J7DokN\n",
            "public_key_pem": "-----BEGIN PUBLIC KEY-----\nMIIBIjANBgkqhkiG9w0BAQEFAAOCAQ8AMIIBCgKCAQEA1K8w9hUrU5K0wfhmC2Ji\nqCyqVNcOANfGGU07egDAQagMaUJlcaZqROQjeNA+XzxJe7jC2En0+bmwG1/tTfyP\nfZjwONusEsUpqABEsD/4SzqHVTANEcsJghSIrfJTGM09ZFTqK027l7SopvLFn1J6\ne2CSm0wVjwKX1vkANJPFYQXLg5EsA78KUuyhgsg3mmlahV54PSd4xVuRYUVQ3Mrp\nlB3aJb54ZD1zpfTjz3MwLb+Go4gTfTlqSVxmaYzHrzJXVoS+JryFETRcF9tGunx4\nWGpitvLf/enYDmeA3Kd22+wD9ujT/xK08ab/Cgo3qdBhn2wc9dNaOdYTvpPCew6J\nDQIDAQAB\n-----END PUBLIC KEY-----\n",
            "rsa_bits": 2048
          },
          "sensitive_attributes": [
            [
              {
                "type": "get_attr",
                "value": "private_key_openssh"
              }
            ],
            [
              {
                "type": "get_attr",
                "value": "private_key_pem_pkcs8"
              }
            ],
            [
              {
                "type": "get_attr",
                "value": "private_key_pem"
              }
            ]
          ]
        }
      ]
    }
  ],
  "check_results": null
}
